
Microsoft Visual Studio Solution File, Format Version 12.00
# Visual Studio Version 16
VisualStudioVersion = 16.0.30114.105
MinimumVisualStudioVersion = 10.0.40219.1
Project("{2150E333-8FDC-42A3-9474-1A3956D46DE8}") = "src", "src", "{FACF54E3-4D2D-47FB-BB82-A2B93B985395}"
EndProject
Project("{FAE04EC0-301F-11D3-BF4B-00C04F79EFBC}") = "Kern", "src\Kern\Kern.csproj", "{89386754-9C4E-4326-885F-D2D126D6027C}"
EndProject
Project("{FAE04EC0-301F-11D3-BF4B-00C04F79EFBC}") = "Kern.AspNetCore", "src\Kern.AspNetCore\Kern.AspNetCore.csproj", "{D973AAFC-CFED-4BA3-9396-5D0A2AF2B095}"
EndProject
Global
	GlobalSection(SolutionConfigurationPlatforms) = preSolution
		Debug|Any CPU = Debug|Any CPU
		Release|Any CPU = Release|Any CPU
	EndGlobalSection
	GlobalSection(SolutionProperties) = preSolution
		HideSolutionNode = FALSE
	EndGlobalSection
	GlobalSection(ProjectConfigurationPlatforms) = postSolution
		{89386754-9C4E-4326-885F-D2D126D6027C}.Debug|Any CPU.ActiveCfg = Debug|Any CPU
		{89386754-9C4E-4326-885F-D2D126D6027C}.Debug|Any CPU.Build.0 = Debug|Any CPU
		{89386754-9C4E-4326-885F-D2D126D6027C}.Release|Any CPU.ActiveCfg = Release|Any CPU
		{89386754-9C4E-4326-885F-D2D126D6027C}.Release|Any CPU.Build.0 = Release|Any CPU
		{D973AAFC-CFED-4BA3-9396-5D0A2AF2B095}.Debug|Any CPU.ActiveCfg = Debug|Any CPU
		{D973AAFC-CFED-4BA3-9396-5D0A2AF2B095}.Debug|Any CPU.Build.0 = Debug|Any CPU
		{D973AAFC-CFED-4BA3-9396-5D0A2AF2B095}.Release|Any CPU.ActiveCfg = Release|Any CPU
		{D973AAFC-CFED-4BA3-9396-5D0A2AF2B095}.Release|Any CPU.Build.0 = Release|Any CPU
	EndGlobalSection
	GlobalSection(NestedProjects) = preSolution
		{89386754-9C4E-4326-885F-D2D126D6027C} = {FACF54E3-4D2D-47FB-BB82-A2B93B985395}
		{D973AAFC-CFED-4BA3-9396-5D0A2AF2B095} = {FACF54E3-4D2D-47FB-BB82-A2B93B985395}
	EndGlobalSection
EndGlobal
